// !$*UTF8*$!
{
	archiveVersion = 1;
	classes = {
	};
	objectVersion = 51;
	objects = {

/* Begin PBXBuildFile section */
		36E54726A9BBA6FBAB50F4A4 /* Pods_StackingTimer.framework in Frameworks */ = {isa = PBXBuildFile; fileRef = 2B690A34F012B3A9A1D41676 /* Pods_StackingTimer.framework */; };
		4FB1BB5C9A3774A532A72DE5 /* Pods_StackingTimerTests.framework in Frameworks */ = {isa = PBXBuildFile; fileRef = 3D849FDC742D5590652288B0 /* Pods_StackingTimerTests.framework */; };
		9F27D49D2278936900F860BF /* MessageUI.framework in Frameworks */ = {isa = PBXBuildFile; fileRef = 9F27D49C2278936800F860BF /* MessageUI.framework */; };
		9F27D49F2278938400F860BF /* CoreMedia.framework in Frameworks */ = {isa = PBXBuildFile; fileRef = 9F27D49E2278938400F860BF /* CoreMedia.framework */; };
		9F27D4A12278939300F860BF /* AVFoundation.framework in Frameworks */ = {isa = PBXBuildFile; fileRef = 9F27D4A02278939300F860BF /* AVFoundation.framework */; };
		9F27D4A3227893A500F860BF /* AudioToolbox.framework in Frameworks */ = {isa = PBXBuildFile; fileRef = 9F27D4A2227893A500F860BF /* AudioToolbox.framework */; };
		9F27D4A5227893CB00F860BF /* iAd.framework in Frameworks */ = {isa = PBXBuildFile; fileRef = 9F27D4A4227893CB00F860BF /* iAd.framework */; };
		9FB98DEA23F016730041A1FF /* AmazonAd.framework in Frameworks */ = {isa = PBXBuildFile; fileRef = 9FB98DE923F016720041A1FF /* AmazonAd.framework */; };
		9FB98DEC23F017BE0041A1FF /* GoogleUtilities.framework in Frameworks */ = {isa = PBXBuildFile; fileRef = 9FB98DEB23F017BE0041A1FF /* GoogleUtilities.framework */; };
		9FBB4727227B513900310AC4 /* 564944.png in Resources */ = {isa = PBXBuildFile; fileRef = 9FBB4725227B513800310AC4 /* 564944.png */; };
		9FBB4728227B513900310AC4 /* 564943.png in Resources */ = {isa = PBXBuildFile; fileRef = 9FBB4726227B513900310AC4 /* 564943.png */; };
		9FBF63312259914A00674E57 /* JavaScriptCore.framework in Frameworks */ = {isa = PBXBuildFile; fileRef = 9FBF63302259914700674E57 /* JavaScriptCore.framework */; };
		9FBF63332259929D00674E57 /* SafariServices.framework in Frameworks */ = {isa = PBXBuildFile; fileRef = 9FBF63322259929800674E57 /* SafariServices.framework */; };
		9FBF6335225992B500674E57 /* CoreGraphics.framework in Frameworks */ = {isa = PBXBuildFile; fileRef = 9FBF6334225992B100674E57 /* CoreGraphics.framework */; };
		9FBF6337225992C400674E57 /* StoreKit.framework in Frameworks */ = {isa = PBXBuildFile; fileRef = 9FBF6336225992C100674E57 /* StoreKit.framework */; };
		9FBF6339225992D100674E57 /* Foundation.framework in Frameworks */ = {isa = PBXBuildFile; fileRef = 9FBF6338225992CD00674E57 /* Foundation.framework */; };
		9FBF633B225992E100674E57 /* UIKit.framework in Frameworks */ = {isa = PBXBuildFile; fileRef = 9FBF633A225992DD00674E57 /* UIKit.framework */; };
		9FBF633D225992ED00674E57 /* AdSupport.framework in Frameworks */ = {isa = PBXBuildFile; fileRef = 9FBF633C225992E800674E57 /* AdSupport.framework */; };
		9FBF633F2259930900674E57 /* CoreLocation.framework in Frameworks */ = {isa = PBXBuildFile; fileRef = 9FBF633E2259930600674E57 /* CoreLocation.framework */; };
		9FBF63412259932600674E57 /* SystemConfiguration.framework in Frameworks */ = {isa = PBXBuildFile; fileRef = 9FBF63402259932300674E57 /* SystemConfiguration.framework */; };
		9FBF63432259933B00674E57 /* MediaPlayer.framework in Frameworks */ = {isa = PBXBuildFile; fileRef = 9FBF63422259933700674E57 /* MediaPlayer.framework */; };
		9FBF63452259934C00674E57 /* CoreTelephony.framework in Frameworks */ = {isa = PBXBuildFile; fileRef = 9FBF63442259934800674E57 /* CoreTelephony.framework */; };
		9FBF6348225998D100674E57 /* EventKit.framework in Frameworks */ = {isa = PBXBuildFile; fileRef = 9FBF6347225998CC00674E57 /* EventKit.framework */; };
		9FBF634A225998DE00674E57 /* EventKitUI.framework in Frameworks */ = {isa = PBXBuildFile; fileRef = 9FBF6349225998D800674E57 /* EventKitUI.framework */; };
		9FBF634C225998F200674E57 /* QuartzCore.framework in Frameworks */ = {isa = PBXBuildFile; fileRef = 9FBF634B225998ED00674E57 /* QuartzCore.framework */; };
		9FE681362257630B004ED465 /* AppDelegate.swift in Sources */ = {isa = PBXBuildFile; fileRef = 9FE681352257630B004ED465 /* AppDelegate.swift */; };
		9FE681382257630B004ED465 /* ViewController.swift in Sources */ = {isa = PBXBuildFile; fileRef = 9FE681372257630B004ED465 /* ViewController.swift */; };
		9FE6813B2257630B004ED465 /* Main.storyboard in Resources */ = {isa = PBXBuildFile; fileRef = 9FE681392257630B004ED465 /* Main.storyboard */; };
		9FE6813E2257630B004ED465 /* StackingTimer.xcdatamodeld in Sources */ = {isa = PBXBuildFile; fileRef = 9FE6813C2257630B004ED465 /* StackingTimer.xcdatamodeld */; };
		9FE681402257630D004ED465 /* Assets.xcassets in Resources */ = {isa = PBXBuildFile; fileRef = 9FE6813F2257630D004ED465 /* Assets.xcassets */; };
		9FE681432257630D004ED465 /* LaunchScreen.storyboard in Resources */ = {isa = PBXBuildFile; fileRef = 9FE681412257630D004ED465 /* LaunchScreen.storyboard */; };
		9FE6816D2257656F004ED465 /* dseg7classic_bolditalic.otf in Resources */ = {isa = PBXBuildFile; fileRef = 9FE681662257656E004ED465 /* dseg7classic_bolditalic.otf */; };
		9FE6816E2257656F004ED465 /* BGButton.swift in Sources */ = {isa = PBXBuildFile; fileRef = 9FE681672257656F004ED465 /* BGButton.swift */; };
		9FE6816F2257656F004ED465 /* DSEG7Classic-BoldItalic.woff in Resources */ = {isa = PBXBuildFile; fileRef = 9FE681682257656F004ED465 /* DSEG7Classic-BoldItalic.woff */; };
		9FE681702257656F004ED465 /* DSEG7Classic-BoldItalic.woff2 in Resources */ = {isa = PBXBuildFile; fileRef = 9FE681692257656F004ED465 /* DSEG7Classic-BoldItalic.woff2 */; };
		9FE681722257656F004ED465 /* GradationView.swift in Sources */ = {isa = PBXBuildFile; fileRef = 9FE6816B2257656F004ED465 /* GradationView.swift */; };
		9FE681732257656F004ED465 /* DSEG7Classic-BoldItalic.ttf in Resources */ = {isa = PBXBuildFile; fileRef = 9FE6816C2257656F004ED465 /* DSEG7Classic-BoldItalic.ttf */; };
		9FE6817622579942004ED465 /* sport_stacking4_red.png in Resources */ = {isa = PBXBuildFile; fileRef = 9FE6817422579941004ED465 /* sport_stacking4_red.png */; };
		9FE6817722579942004ED465 /* sport_stacking6_white.png in Resources */ = {isa = PBXBuildFile; fileRef = 9FE6817522579942004ED465 /* sport_stacking6_white.png */; };
		9FE681792257A8A9004ED465 /* AppIcon.appiconset in Resources */ = {isa = PBXBuildFile; fileRef = 9FE681782257A8A6004ED465 /* AppIcon.appiconset */; };
		A1087387DB6DC954CB5B7C8C /* Pods_StackingTimerUITests.framework in Frameworks */ = {isa = PBXBuildFile; fileRef = B1B3226C63BBA24B2D03C565 /* Pods_StackingTimerUITests.framework */; };
/* End PBXBuildFile section */

/* Begin PBXContainerItemProxy section */
		9FE6814A2257630D004ED465 /* PBXContainerItemProxy */ = {
			isa = PBXContainerItemProxy;
			containerPortal = 9FE6812A2257630B004ED465 /* Project object */;
			proxyType = 1;
			remoteGlobalIDString = 9FE681312257630B004ED465;
			remoteInfo = StackingTimer;
		};
		9FE681552257630D004ED465 /* PBXContainerItemProxy */ = {
			isa = PBXContainerItemProxy;
			containerPortal = 9FE6812A2257630B004ED465 /* Project object */;
			proxyType = 1;
			remoteGlobalIDString = 9FE681312257630B004ED465;
			remoteInfo = StackingTimer;
		};
/* End PBXContainerItemProxy section */

/* Begin PBXFileReference section */
		04D118BBEE8E58CDE4E28AB0 /* Pods-StackingTimer.release.xcconfig */ = {isa = PBXFileReference; includeInIndex = 1; lastKnownFileType = text.xcconfig; name = "Pods-StackingTimer.release.xcconfig"; path = "Target Support Files/Pods-StackingTimer/Pods-StackingTimer.release.xcconfig"; sourceTree = "<group>"; };
		2B690A34F012B3A9A1D41676 /* Pods_StackingTimer.framework */ = {isa = PBXFileReference; explicitFileType = wrapper.framework; includeInIndex = 0; path = Pods_StackingTimer.framework; sourceTree = BUILT_PRODUCTS_DIR; };
		2C0E7072D6E8D19D9F22123F /* Pods-StackingTimer.debug.xcconfig */ = {isa = PBXFileReference; includeInIndex = 1; lastKnownFileType = text.xcconfig; name = "Pods-StackingTimer.debug.xcconfig"; path = "Target Support Files/Pods-StackingTimer/Pods-StackingTimer.debug.xcconfig"; sourceTree = "<group>"; };
		35C52524496251587156A3FE /* Pods-StackingTimerTests.debug.xcconfig */ = {isa = PBXFileReference; includeInIndex = 1; lastKnownFileType = text.xcconfig; name = "Pods-StackingTimerTests.debug.xcconfig"; path = "Target Support Files/Pods-StackingTimerTests/Pods-StackingTimerTests.debug.xcconfig"; sourceTree = "<group>"; };
		3D849FDC742D5590652288B0 /* Pods_StackingTimerTests.framework */ = {isa = PBXFileReference; explicitFileType = wrapper.framework; includeInIndex = 0; path = Pods_StackingTimerTests.framework; sourceTree = BUILT_PRODUCTS_DIR; };
		409A5868FC2FD2F15F429F62 /* Pods-StackingTimerTests.release.xcconfig */ = {isa = PBXFileReference; includeInIndex = 1; lastKnownFileType = text.xcconfig; name = "Pods-StackingTimerTests.release.xcconfig"; path = "Target Support Files/Pods-StackingTimerTests/Pods-StackingTimerTests.release.xcconfig"; sourceTree = "<group>"; };
		46A615333A4AE11AAABACA0C /* Pods-StackingTimerUITests.debug.xcconfig */ = {isa = PBXFileReference; includeInIndex = 1; lastKnownFileType = text.xcconfig; name = "Pods-StackingTimerUITests.debug.xcconfig"; path = "Target Support Files/Pods-StackingTimerUITests/Pods-StackingTimerUITests.debug.xcconfig"; sourceTree = "<group>"; };
		9F27D497226B0F2000F860BF /* StackingTimer-Bridging-Header.h */ = {isa = PBXFileReference; fileEncoding = 4; lastKnownFileType = sourcecode.c.h; path = "StackingTimer-Bridging-Header.h"; sourceTree = "<group>"; };
		9F27D49C2278936800F860BF /* MessageUI.framework */ = {isa = PBXFileReference; lastKnownFileType = wrapper.framework; name = MessageUI.framework; path = System/Library/Frameworks/MessageUI.framework; sourceTree = SDKROOT; };
		9F27D49E2278938400F860BF /* CoreMedia.framework */ = {isa = PBXFileReference; lastKnownFileType = wrapper.framework; name = CoreMedia.framework; path = System/Library/Frameworks/CoreMedia.framework; sourceTree = SDKROOT; };
		9F27D4A02278939300F860BF /* AVFoundation.framework */ = {isa = PBXFileReference; lastKnownFileType = wrapper.framework; name = AVFoundation.framework; path = System/Library/Frameworks/AVFoundation.framework; sourceTree = SDKROOT; };
		9F27D4A2227893A500F860BF /* AudioToolbox.framework */ = {isa = PBXFileReference; lastKnownFileType = wrapper.framework; name = AudioToolbox.framework; path = System/Library/Frameworks/AudioToolbox.framework; sourceTree = SDKROOT; };
		9F27D4A4227893CB00F860BF /* iAd.framework */ = {isa = PBXFileReference; lastKnownFileType = wrapper.framework; name = iAd.framework; path = System/Library/Frameworks/iAd.framework; sourceTree = SDKROOT; };
		9FB98DE923F016720041A1FF /* AmazonAd.framework */ = {isa = PBXFileReference; lastKnownFileType = wrapper.framework; name = AmazonAd.framework; path = "../FoldPicture/Pods/AmazonAd/AmazonMobileAds-ios-3.0.0-SDK/AmazonAd.framework"; sourceTree = "<group>"; };
		9FB98DEB23F017BE0041A1FF /* GoogleUtilities.framework */ = {isa = PBXFileReference; explicitFileType = wrapper.framework; path = GoogleUtilities.framework; sourceTree = BUILT_PRODUCTS_DIR; };
		9FBB4725227B513800310AC4 /* 564944.png */ = {isa = PBXFileReference; lastKnownFileType = image.png; path = 564944.png; sourceTree = "<group>"; };
		9FBB4726227B513900310AC4 /* 564943.png */ = {isa = PBXFileReference; lastKnownFileType = image.png; path = 564943.png; sourceTree = "<group>"; };
		9FBF62B922598D0600674E57 /* AmazonAd.framework */ = {isa = PBXFileReference; lastKnownFileType = wrapper.framework; name = AmazonAd.framework; path = "../Amazon-iOS-SDKs/AmazonMobileAds/AmazonAd.framework"; sourceTree = "<group>"; };
		9FBF63302259914700674E57 /* JavaScriptCore.framework */ = {isa = PBXFileReference; lastKnownFileType = wrapper.framework; name = JavaScriptCore.framework; path = System/Library/Frameworks/JavaScriptCore.framework; sourceTree = SDKROOT; };
		9FBF63322259929800674E57 /* SafariServices.framework */ = {isa = PBXFileReference; lastKnownFileType = wrapper.framework; name = SafariServices.framework; path = System/Library/Frameworks/SafariServices.framework; sourceTree = SDKROOT; };
		9FBF6334225992B100674E57 /* CoreGraphics.framework */ = {isa = PBXFileReference; lastKnownFileType = wrapper.framework; name = CoreGraphics.framework; path = System/Library/Frameworks/CoreGraphics.framework; sourceTree = SDKROOT; };
		9FBF6336225992C100674E57 /* StoreKit.framework */ = {isa = PBXFileReference; lastKnownFileType = wrapper.framework; name = StoreKit.framework; path = System/Library/Frameworks/StoreKit.framework; sourceTree = SDKROOT; };
		9FBF6338225992CD00674E57 /* Foundation.framework */ = {isa = PBXFileReference; lastKnownFileType = wrapper.framework; name = Foundation.framework; path = System/Library/Frameworks/Foundation.framework; sourceTree = SDKROOT; };
		9FBF633A225992DD00674E57 /* UIKit.framework */ = {isa = PBXFileReference; lastKnownFileType = wrapper.framework; name = UIKit.framework; path = System/Library/Frameworks/UIKit.framework; sourceTree = SDKROOT; };
		9FBF633C225992E800674E57 /* AdSupport.framework */ = {isa = PBXFileReference; lastKnownFileType = wrapper.framework; name = AdSupport.framework; path = System/Library/Frameworks/AdSupport.framework; sourceTree = SDKROOT; };
		9FBF633E2259930600674E57 /* CoreLocation.framework */ = {isa = PBXFileReference; lastKnownFileType = wrapper.framework; name = CoreLocation.framework; path = System/Library/Frameworks/CoreLocation.framework; sourceTree = SDKROOT; };
		9FBF63402259932300674E57 /* SystemConfiguration.framework */ = {isa = PBXFileReference; lastKnownFileType = wrapper.framework; name = SystemConfiguration.framework; path = System/Library/Frameworks/SystemConfiguration.framework; sourceTree = SDKROOT; };
		9FBF63422259933700674E57 /* MediaPlayer.framework */ = {isa = PBXFileReference; lastKnownFileType = wrapper.framework; name = MediaPlayer.framework; path = System/Library/Frameworks/MediaPlayer.framework; sourceTree = SDKROOT; };
		9FBF63442259934800674E57 /* CoreTelephony.framework */ = {isa = PBXFileReference; lastKnownFileType = wrapper.framework; name = CoreTelephony.framework; path = System/Library/Frameworks/CoreTelephony.framework; sourceTree = SDKROOT; };
		9FBF6347225998CC00674E57 /* EventKit.framework */ = {isa = PBXFileReference; lastKnownFileType = wrapper.framework; name = EventKit.framework; path = System/Library/Frameworks/EventKit.framework; sourceTree = SDKROOT; };
		9FBF6349225998D800674E57 /* EventKitUI.framework */ = {isa = PBXFileReference; lastKnownFileType = wrapper.framework; name = EventKitUI.framework; path = System/Library/Frameworks/EventKitUI.framework; sourceTree = SDKROOT; };
		9FBF634B225998ED00674E57 /* QuartzCore.framework */ = {isa = PBXFileReference; lastKnownFileType = wrapper.framework; name = QuartzCore.framework; path = System/Library/Frameworks/QuartzCore.framework; sourceTree = SDKROOT; };
		9FE681322257630B004ED465 /* StackingTimer.app */ = {isa = PBXFileReference; explicitFileType = wrapper.application; includeInIndex = 0; path = StackingTimer.app; sourceTree = BUILT_PRODUCTS_DIR; };
		9FE681352257630B004ED465 /* AppDelegate.swift */ = {isa = PBXFileReference; lastKnownFileType = sourcecode.swift; path = AppDelegate.swift; sourceTree = "<group>"; };
		9FE681372257630B004ED465 /* ViewController.swift */ = {isa = PBXFileReference; lastKnownFileType = sourcecode.swift; path = ViewController.swift; sourceTree = "<group>"; };
		9FE6813A2257630B004ED465 /* Base */ = {isa = PBXFileReference; lastKnownFileType = file.storyboard; name = Base; path = Base.lproj/Main.storyboard; sourceTree = "<group>"; };
		9FE6813D2257630B004ED465 /* StackingTimer.xcdatamodel */ = {isa = PBXFileReference; lastKnownFileType = wrapper.xcdatamodel; path = StackingTimer.xcdatamodel; sourceTree = "<group>"; };
		9FE6813F2257630D004ED465 /* Assets.xcassets */ = {isa = PBXFileReference; lastKnownFileType = folder.assetcatalog; path = Assets.xcassets; sourceTree = "<group>"; };
		9FE681422257630D004ED465 /* Base */ = {isa = PBXFileReference; lastKnownFileType = file.storyboard; name = Base; path = Base.lproj/LaunchScreen.storyboard; sourceTree = "<group>"; };
		9FE681442257630D004ED465 /* Info.plist */ = {isa = PBXFileReference; lastKnownFileType = text.plist.xml; path = Info.plist; sourceTree = "<group>"; };
		9FE681492257630D004ED465 /* StackingTimerTests.xctest */ = {isa = PBXFileReference; explicitFileType = wrapper.cfbundle; includeInIndex = 0; path = StackingTimerTests.xctest; sourceTree = BUILT_PRODUCTS_DIR; };
		9FE681542257630D004ED465 /* StackingTimerUITests.xctest */ = {isa = PBXFileReference; explicitFileType = wrapper.cfbundle; includeInIndex = 0; path = StackingTimerUITests.xctest; sourceTree = BUILT_PRODUCTS_DIR; };
		9FE681662257656E004ED465 /* dseg7classic_bolditalic.otf */ = {isa = PBXFileReference; lastKnownFileType = file; path = dseg7classic_bolditalic.otf; sourceTree = "<group>"; };
		9FE681672257656F004ED465 /* BGButton.swift */ = {isa = PBXFileReference; fileEncoding = 4; lastKnownFileType = sourcecode.swift; path = BGButton.swift; sourceTree = "<group>"; };
		9FE681682257656F004ED465 /* DSEG7Classic-BoldItalic.woff */ = {isa = PBXFileReference; lastKnownFileType = file; path = "DSEG7Classic-BoldItalic.woff"; sourceTree = "<group>"; };
		9FE681692257656F004ED465 /* DSEG7Classic-BoldItalic.woff2 */ = {isa = PBXFileReference; lastKnownFileType = file; path = "DSEG7Classic-BoldItalic.woff2"; sourceTree = "<group>"; };
		9FE6816B2257656F004ED465 /* GradationView.swift */ = {isa = PBXFileReference; fileEncoding = 4; lastKnownFileType = sourcecode.swift; path = GradationView.swift; sourceTree = "<group>"; };
		9FE6816C2257656F004ED465 /* DSEG7Classic-BoldItalic.ttf */ = {isa = PBXFileReference; lastKnownFileType = file; path = "DSEG7Classic-BoldItalic.ttf"; sourceTree = "<group>"; };
		9FE6817422579941004ED465 /* sport_stacking4_red.png */ = {isa = PBXFileReference; lastKnownFileType = image.png; path = sport_stacking4_red.png; sourceTree = "<group>"; };
		9FE6817522579942004ED465 /* sport_stacking6_white.png */ = {isa = PBXFileReference; lastKnownFileType = image.png; path = sport_stacking6_white.png; sourceTree = "<group>"; };
		9FE681782257A8A6004ED465 /* AppIcon.appiconset */ = {isa = PBXFileReference; lastKnownFileType = folder; path = AppIcon.appiconset; sourceTree = "<group>"; };
		B1B3226C63BBA24B2D03C565 /* Pods_StackingTimerUITests.framework */ = {isa = PBXFileReference; explicitFileType = wrapper.framework; includeInIndex = 0; path = Pods_StackingTimerUITests.framework; sourceTree = BUILT_PRODUCTS_DIR; };
		F9FD4C6943B8C33440D65CFE /* Pods-StackingTimerUITests.release.xcconfig */ = {isa = PBXFileReference; includeInIndex = 1; lastKnownFileType = text.xcconfig; name = "Pods-StackingTimerUITests.release.xcconfig"; path = "Target Support Files/Pods-StackingTimerUITests/Pods-StackingTimerUITests.release.xcconfig"; sourceTree = "<group>"; };
/* End PBXFileReference section */

/* Begin PBXFrameworksBuildPhase section */
		9FE6812F2257630B004ED465 /* Frameworks */ = {
			isa = PBXFrameworksBuildPhase;
			buildActionMask = 2147483647;
			files = (
				9FB98DEC23F017BE0041A1FF /* GoogleUtilities.framework in Frameworks */,
				9FB98DEA23F016730041A1FF /* AmazonAd.framework in Frameworks */,
				9F27D4A5227893CB00F860BF /* iAd.framework in Frameworks */,
				9FBF633D225992ED00674E57 /* AdSupport.framework in Frameworks */,
				9F27D4A3227893A500F860BF /* AudioToolbox.framework in Frameworks */,
				9F27D4A12278939300F860BF /* AVFoundation.framework in Frameworks */,
				9F27D49F2278938400F860BF /* CoreMedia.framework in Frameworks */,
				9F27D49D2278936900F860BF /* MessageUI.framework in Frameworks */,
				9FBF63412259932600674E57 /* SystemConfiguration.framework in Frameworks */,
				9FBF634C225998F200674E57 /* QuartzCore.framework in Frameworks */,
				9FBF634A225998DE00674E57 /* EventKitUI.framework in Frameworks */,
				9FBF6348225998D100674E57 /* EventKit.framework in Frameworks */,
				9FBF63452259934C00674E57 /* CoreTelephony.framework in Frameworks */,
				9FBF63432259933B00674E57 /* MediaPlayer.framework in Frameworks */,
				9FBF633F2259930900674E57 /* CoreLocation.framework in Frameworks */,
				9FBF633B225992E100674E57 /* UIKit.framework in Frameworks */,
				9FBF6339225992D100674E57 /* Foundation.framework in Frameworks */,
				9FBF6337225992C400674E57 /* StoreKit.framework in Frameworks */,
				9FBF6335225992B500674E57 /* CoreGraphics.framework in Frameworks */,
				9FBF63332259929D00674E57 /* SafariServices.framework in Frameworks */,
				9FBF63312259914A00674E57 /* JavaScriptCore.framework in Frameworks */,
				36E54726A9BBA6FBAB50F4A4 /* Pods_StackingTimer.framework in Frameworks */,
			);
			runOnlyForDeploymentPostprocessing = 0;
		};
		9FE681462257630D004ED465 /* Frameworks */ = {
			isa = PBXFrameworksBuildPhase;
			buildActionMask = 2147483647;
			files = (
				4FB1BB5C9A3774A532A72DE5 /* Pods_StackingTimerTests.framework in Frameworks */,
			);
			runOnlyForDeploymentPostprocessing = 0;
		};
		9FE681512257630D004ED465 /* Frameworks */ = {
			isa = PBXFrameworksBuildPhase;
			buildActionMask = 2147483647;
			files = (
				A1087387DB6DC954CB5B7C8C /* Pods_StackingTimerUITests.framework in Frameworks */,
			);
			runOnlyForDeploymentPostprocessing = 0;
		};
/* End PBXFrameworksBuildPhase section */

/* Begin PBXGroup section */
		5035EB5454A50033F3D2FB36 /* Pods */ = {
			isa = PBXGroup;
			children = (
				2C0E7072D6E8D19D9F22123F /* Pods-StackingTimer.debug.xcconfig */,
				04D118BBEE8E58CDE4E28AB0 /* Pods-StackingTimer.release.xcconfig */,
				35C52524496251587156A3FE /* Pods-StackingTimerTests.debug.xcconfig */,
				409A5868FC2FD2F15F429F62 /* Pods-StackingTimerTests.release.xcconfig */,
				46A615333A4AE11AAABACA0C /* Pods-StackingTimerUITests.debug.xcconfig */,
				F9FD4C6943B8C33440D65CFE /* Pods-StackingTimerUITests.release.xcconfig */,
			);
			path = Pods;
			sourceTree = "<group>";
		};
		9FBF62B12258CB8100674E57 /* Frameworks */ = {
			isa = PBXGroup;
			children = (
				9FB98DEB23F017BE0041A1FF /* GoogleUtilities.framework */,
				9FB98DE923F016720041A1FF /* AmazonAd.framework */,
				9F27D4A4227893CB00F860BF /* iAd.framework */,
				9F27D4A2227893A500F860BF /* AudioToolbox.framework */,
				9F27D4A02278939300F860BF /* AVFoundation.framework */,
				9F27D49E2278938400F860BF /* CoreMedia.framework */,
				9F27D49C2278936800F860BF /* MessageUI.framework */,
				9FBF634B225998ED00674E57 /* QuartzCore.framework */,
				9FBF6349225998D800674E57 /* EventKitUI.framework */,
				9FBF6347225998CC00674E57 /* EventKit.framework */,
				9FBF63442259934800674E57 /* CoreTelephony.framework */,
				9FBF63422259933700674E57 /* MediaPlayer.framework */,
				9FBF63402259932300674E57 /* SystemConfiguration.framework */,
				9FBF633E2259930600674E57 /* CoreLocation.framework */,
				9FBF633C225992E800674E57 /* AdSupport.framework */,
				9FBF633A225992DD00674E57 /* UIKit.framework */,
				9FBF6338225992CD00674E57 /* Foundation.framework */,
				9FBF6336225992C100674E57 /* StoreKit.framework */,
				9FBF6334225992B100674E57 /* CoreGraphics.framework */,
				9FBF63322259929800674E57 /* SafariServices.framework */,
				9FBF63302259914700674E57 /* JavaScriptCore.framework */,
				9FBF62B922598D0600674E57 /* AmazonAd.framework */,
				2B690A34F012B3A9A1D41676 /* Pods_StackingTimer.framework */,
				3D849FDC742D5590652288B0 /* Pods_StackingTimerTests.framework */,
				B1B3226C63BBA24B2D03C565 /* Pods_StackingTimerUITests.framework */,
			);
			name = Frameworks;
			sourceTree = "<group>";
		};
		9FE681292257630B004ED465 = {
			isa = PBXGroup;
			children = (
				9FE681342257630B004ED465 /* StackingTimer */,
				9FE681332257630B004ED465 /* Products */,
				9FBF62B12258CB8100674E57 /* Frameworks */,
				5035EB5454A50033F3D2FB36 /* Pods */,
			);
			sourceTree = "<group>";
		};
		9FE681332257630B004ED465 /* Products */ = {
			isa = PBXGroup;
			children = (
				9FE681322257630B004ED465 /* StackingTimer.app */,
				9FE681492257630D004ED465 /* StackingTimerTests.xctest */,
				9FE681542257630D004ED465 /* StackingTimerUITests.xctest */,
			);
			name = Products;
			sourceTree = "<group>";
		};
		9FE681342257630B004ED465 /* StackingTimer */ = {
			isa = PBXGroup;
			children = (
				9FBB4726227B513900310AC4 /* 564943.png */,
				9FBB4725227B513800310AC4 /* 564944.png */,
				9F27D497226B0F2000F860BF /* StackingTimer-Bridging-Header.h */,
				9FE681782257A8A6004ED465 /* AppIcon.appiconset */,
				9FE6817422579941004ED465 /* sport_stacking4_red.png */,
				9FE6817522579942004ED465 /* sport_stacking6_white.png */,
				9FE681672257656F004ED465 /* BGButton.swift */,
				9FE681662257656E004ED465 /* dseg7classic_bolditalic.otf */,
				9FE6816C2257656F004ED465 /* DSEG7Classic-BoldItalic.ttf */,
				9FE681682257656F004ED465 /* DSEG7Classic-BoldItalic.woff */,
				9FE681692257656F004ED465 /* DSEG7Classic-BoldItalic.woff2 */,
				9FE6816B2257656F004ED465 /* GradationView.swift */,
				9FE681352257630B004ED465 /* AppDelegate.swift */,
				9FE681372257630B004ED465 /* ViewController.swift */,
				9FE681392257630B004ED465 /* Main.storyboard */,
				9FE6813F2257630D004ED465 /* Assets.xcassets */,
				9FE681412257630D004ED465 /* LaunchScreen.storyboard */,
				9FE681442257630D004ED465 /* Info.plist */,
				9FE6813C2257630B004ED465 /* StackingTimer.xcdatamodeld */,
			);
			path = StackingTimer;
			sourceTree = "<group>";
		};
/* End PBXGroup section */

/* Begin PBXNativeTarget section */
		9FE681312257630B004ED465 /* StackingTimer */ = {
			isa = PBXNativeTarget;
			buildConfigurationList = 9FE6815D2257630D004ED465 /* Build configuration list for PBXNativeTarget "StackingTimer" */;
			buildPhases = (
				7BAA556770A34EF783A1FDFB /* [CP] Check Pods Manifest.lock */,
				9FE6812E2257630B004ED465 /* Sources */,
				9FE6812F2257630B004ED465 /* Frameworks */,
				9FE681302257630B004ED465 /* Resources */,
				9B2DA34FB8BA01B9E5343287 /* [CP] Embed Pods Frameworks */,
			);
			buildRules = (
			);
			dependencies = (
			);
			name = StackingTimer;
			productName = StackingTimer;
			productReference = 9FE681322257630B004ED465 /* StackingTimer.app */;
			productType = "com.apple.product-type.application";
		};
		9FE681482257630D004ED465 /* StackingTimerTests */ = {
			isa = PBXNativeTarget;
			buildConfigurationList = 9FE681602257630D004ED465 /* Build configuration list for PBXNativeTarget "StackingTimerTests" */;
			buildPhases = (
				CCAF9F0BBFB211EBA7DBFF89 /* [CP] Check Pods Manifest.lock */,
				9FE681452257630D004ED465 /* Sources */,
				9FE681462257630D004ED465 /* Frameworks */,
				9FE681472257630D004ED465 /* Resources */,
			);
			buildRules = (
			);
			dependencies = (
				9FE6814B2257630D004ED465 /* PBXTargetDependency */,
			);
			name = StackingTimerTests;
			productName = StackingTimerTests;
			productReference = 9FE681492257630D004ED465 /* StackingTimerTests.xctest */;
			productType = "com.apple.product-type.bundle.unit-test";
		};
		9FE681532257630D004ED465 /* StackingTimerUITests */ = {
			isa = PBXNativeTarget;
			buildConfigurationList = 9FE681632257630D004ED465 /* Build configuration list for PBXNativeTarget "StackingTimerUITests" */;
			buildPhases = (
				A0B0A936CA16F146264731BB /* [CP] Check Pods Manifest.lock */,
				9FE681502257630D004ED465 /* Sources */,
				9FE681512257630D004ED465 /* Frameworks */,
				9FE681522257630D004ED465 /* Resources */,
			);
			buildRules = (
			);
			dependencies = (
				9FE681562257630D004ED465 /* PBXTargetDependency */,
			);
			name = StackingTimerUITests;
			productName = StackingTimerUITests;
			productReference = 9FE681542257630D004ED465 /* StackingTimerUITests.xctest */;
			productType = "com.apple.product-type.bundle.ui-testing";
		};
/* End PBXNativeTarget section */

/* Begin PBXProject section */
		9FE6812A2257630B004ED465 /* Project object */ = {
			isa = PBXProject;
			attributes = {
				LastSwiftUpdateCheck = 1020;
				LastUpgradeCheck = 1020;
				ORGANIZATIONNAME = tacky21jp;
				TargetAttributes = {
					9FE681312257630B004ED465 = {
						CreatedOnToolsVersion = 10.2;
					};
					9FE681482257630D004ED465 = {
						CreatedOnToolsVersion = 10.2;
						TestTargetID = 9FE681312257630B004ED465;
					};
					9FE681532257630D004ED465 = {
						CreatedOnToolsVersion = 10.2;
						TestTargetID = 9FE681312257630B004ED465;
					};
				};
			};
			buildConfigurationList = 9FE6812D2257630B004ED465 /* Build configuration list for PBXProject "StackingTimer" */;
			compatibilityVersion = "Xcode 9.3";
			developmentRegion = en;
			hasScannedForEncodings = 0;
			knownRegions = (
				en,
				Base,
			);
			mainGroup = 9FE681292257630B004ED465;
			productRefGroup = 9FE681332257630B004ED465 /* Products */;
			projectDirPath = "";
			projectRoot = "";
			targets = (
				9FE681312257630B004ED465 /* StackingTimer */,
				9FE681482257630D004ED465 /* StackingTimerTests */,
				9FE681532257630D004ED465 /* StackingTimerUITests */,
			);
		};
/* End PBXProject section */

/* Begin PBXResourcesBuildPhase section */
		9FE681302257630B004ED465 /* Resources */ = {
			isa = PBXResourcesBuildPhase;
			buildActionMask = 2147483647;
			files = (
				9FE6816D2257656F004ED465 /* dseg7classic_bolditalic.otf in Resources */,
				9FE681702257656F004ED465 /* DSEG7Classic-BoldItalic.woff2 in Resources */,
				9FBB4727227B513900310AC4 /* 564944.png in Resources */,
				9FE681432257630D004ED465 /* LaunchScreen.storyboard in Resources */,
				9FE681792257A8A9004ED465 /* AppIcon.appiconset in Resources */,
				9FE6816F2257656F004ED465 /* DSEG7Classic-BoldItalic.woff in Resources */,
				9FE681402257630D004ED465 /* Assets.xcassets in Resources */,
				9FBB4728227B513900310AC4 /* 564943.png in Resources */,
				9FE6813B2257630B004ED465 /* Main.storyboard in Resources */,
				9FE681732257656F004ED465 /* DSEG7Classic-BoldItalic.ttf in Resources */,
				9FE6817622579942004ED465 /* sport_stacking4_red.png in Resources */,
				9FE6817722579942004ED465 /* sport_stacking6_white.png in Resources */,
			);
			runOnlyForDeploymentPostprocessing = 0;
		};
		9FE681472257630D004ED465 /* Resources */ = {
			isa = PBXResourcesBuildPhase;
			buildActionMask = 2147483647;
			files = (
			);
			runOnlyForDeploymentPostprocessing = 0;
		};
		9FE681522257630D004ED465 /* Resources */ = {
			isa = PBXResourcesBuildPhase;
			buildActionMask = 2147483647;
			files = (
			);
			runOnlyForDeploymentPostprocessing = 0;
		};
/* End PBXResourcesBuildPhase section */

/* Begin PBXShellScriptBuildPhase section */
		7BAA556770A34EF783A1FDFB /* [CP] Check Pods Manifest.lock */ = {
			isa = PBXShellScriptBuildPhase;
			buildActionMask = 2147483647;
			files = (
			);
			inputFileListPaths = (
			);
			inputPaths = (
				"${PODS_PODFILE_DIR_PATH}/Podfile.lock",
				"${PODS_ROOT}/Manifest.lock",
			);
			name = "[CP] Check Pods Manifest.lock";
			outputFileListPaths = (
			);
			outputPaths = (
				"$(DERIVED_FILE_DIR)/Pods-StackingTimer-checkManifestLockResult.txt",
			);
			runOnlyForDeploymentPostprocessing = 0;
			shellPath = /bin/sh;
			shellScript = "diff \"${PODS_PODFILE_DIR_PATH}/Podfile.lock\" \"${PODS_ROOT}/Manifest.lock\" > /dev/null\nif [ $? != 0 ] ; then\n    # print error to STDERR\n    echo \"error: The sandbox is not in sync with the Podfile.lock. Run 'pod install' or update your CocoaPods installation.\" >&2\n    exit 1\nfi\n# This output is used by Xcode 'outputs' to avoid re-running this script phase.\necho \"SUCCESS\" > \"${SCRIPT_OUTPUT_FILE_0}\"\n";
			showEnvVarsInLog = 0;
		};
		9B2DA34FB8BA01B9E5343287 /* [CP] Embed Pods Frameworks */ = {
			isa = PBXShellScriptBuildPhase;
			buildActionMask = 2147483647;
			files = (
			);
			inputFileListPaths = (
				"${PODS_ROOT}/Target Support Files/Pods-StackingTimer/Pods-StackingTimer-frameworks-${CONFIGURATION}-input-files.xcfilelist",
			);
			name = "[CP] Embed Pods Frameworks";
			outputFileListPaths = (
				"${PODS_ROOT}/Target Support Files/Pods-StackingTimer/Pods-StackingTimer-frameworks-${CONFIGURATION}-output-files.xcfilelist",
			);
			runOnlyForDeploymentPostprocessing = 0;
			shellPath = /bin/sh;
			shellScript = "\"${PODS_ROOT}/Target Support Files/Pods-StackingTimer/Pods-StackingTimer-frameworks.sh\"\n";
			showEnvVarsInLog = 0;
		};
		A0B0A936CA16F146264731BB /* [CP] Check Pods Manifest.lock */ = {
			isa = PBXShellScriptBuildPhase;
			buildActionMask = 2147483647;
			files = (
			);
			inputFileListPaths = (
			);
			inputPaths = (
				"${PODS_PODFILE_DIR_PATH}/Podfile.lock",
				"${PODS_ROOT}/Manifest.lock",
			);
			name = "[CP] Check Pods Manifest.lock";
			outputFileListPaths = (
			);
			outputPaths = (
				"$(DERIVED_FILE_DIR)/Pods-StackingTimerUITests-checkManifestLockResult.txt",
			);
			runOnlyForDeploymentPostprocessing = 0;
			shellPath = /bin/sh;
			shellScript = "diff \"${PODS_PODFILE_DIR_PATH}/Podfile.lock\" \"${PODS_ROOT}/Manifest.lock\" > /dev/null\nif [ $? != 0 ] ; then\n    # print error to STDERR\n    echo \"error: The sandbox is not in sync with the Podfile.lock. Run 'pod install' or update your CocoaPods installation.\" >&2\n    exit 1\nfi\n# This output is used by Xcode 'outputs' to avoid re-running this script phase.\necho \"SUCCESS\" > \"${SCRIPT_OUTPUT_FILE_0}\"\n";
			showEnvVarsInLog = 0;
		};
		CCAF9F0BBFB211EBA7DBFF89 /* [CP] Check Pods Manifest.lock */ = {
			isa = PBXShellScriptBuildPhase;
			buildActionMask = 2147483647;
			files = (
			);
			inputFileListPaths = (
			);
			inputPaths = (
				"${PODS_PODFILE_DIR_PATH}/Podfile.lock",
				"${PODS_ROOT}/Manifest.lock",
			);
			name = "[CP] Check Pods Manifest.lock";
			outputFileListPaths = (
			);
			outputPaths = (
				"$(DERIVED_FILE_DIR)/Pods-StackingTimerTests-checkManifestLockResult.txt",
			);
			runOnlyForDeploymentPostprocessing = 0;
			shellPath = /bin/sh;
			shellScript = "diff \"${PODS_PODFILE_DIR_PATH}/Podfile.lock\" \"${PODS_ROOT}/Manifest.lock\" > /dev/null\nif [ $? != 0 ] ; then\n    # print error to STDERR\n    echo \"error: The sandbox is not in sync with the Podfile.lock. Run 'pod install' or update your CocoaPods installation.\" >&2\n    exit 1\nfi\n# This output is used by Xcode 'outputs' to avoid re-running this script phase.\necho \"SUCCESS\" > \"${SCRIPT_OUTPUT_FILE_0}\"\n";
			showEnvVarsInLog = 0;
		};
/* End PBXShellScriptBuildPhase section */

/* Begin PBXSourcesBuildPhase section */
		9FE6812E2257630B004ED465 /* Sources */ = {
			isa = PBXSourcesBuildPhase;
			buildActionMask = 2147483647;
			files = (
				9FE6813E2257630B004ED465 /* StackingTimer.xcdatamodeld in Sources */,
				9FE681722257656F004ED465 /* GradationView.swift in Sources */,
				9FE681382257630B004ED465 /* ViewController.swift in Sources */,
				9FE6816E2257656F004ED465 /* BGButton.swift in Sources */,
				9FE681362257630B004ED465 /* AppDelegate.swift in Sources */,
			);
			runOnlyForDeploymentPostprocessing = 0;
		};
		9FE681452257630D004ED465 /* Sources */ = {
			isa = PBXSourcesBuildPhase;
			buildActionMask = 2147483647;
			files = (
			);
			runOnlyForDeploymentPostprocessing = 0;
		};
		9FE681502257630D004ED465 /* Sources */ = {
			isa = PBXSourcesBuildPhase;
			buildActionMask = 2147483647;
			files = (
			);
			runOnlyForDeploymentPostprocessing = 0;
		};
/* End PBXSourcesBuildPhase section */

/* Begin PBXTargetDependency section */
		9FE6814B2257630D004ED465 /* PBXTargetDependency */ = {
			isa = PBXTargetDependency;
			target = 9FE681312257630B004ED465 /* StackingTimer */;
			targetProxy = 9FE6814A2257630D004ED465 /* PBXContainerItemProxy */;
		};
		9FE681562257630D004ED465 /* PBXTargetDependency */ = {
			isa = PBXTargetDependency;
			target = 9FE681312257630B004ED465 /* StackingTimer */;
			targetProxy = 9FE681552257630D004ED465 /* PBXContainerItemProxy */;
		};
/* End PBXTargetDependency section */

/* Begin PBXVariantGroup section */
		9FE681392257630B004ED465 /* Main.storyboard */ = {
			isa = PBXVariantGroup;
			children = (
				9FE6813A2257630B004ED465 /* Base */,
			);
			name = Main.storyboard;
			sourceTree = "<group>";
		};
		9FE681412257630D004ED465 /* LaunchScreen.storyboard */ = {
			isa = PBXVariantGroup;
			children = (
				9FE681422257630D004ED465 /* Base */,
			);
			name = LaunchScreen.storyboard;
			sourceTree = "<group>";
		};
/* End PBXVariantGroup section */

/* Begin XCBuildConfiguration section */
		9FE6815B2257630D004ED465 /* Debug */ = {
			isa = XCBuildConfiguration;
			buildSettings = {
				ALWAYS_SEARCH_USER_PATHS = NO;
				CLANG_ANALYZER_NONNULL = YES;
				CLANG_ANALYZER_NUMBER_OBJECT_CONVERSION = YES_AGGRESSIVE;
				CLANG_CXX_LANGUAGE_STANDARD = "gnu++0x";
				CLANG_CXX_LIBRARY = "libc++";
				CLANG_ENABLE_MODULES = YES;
				CLANG_ENABLE_OBJC_ARC = YES;
				CLANG_ENABLE_OBJC_WEAK = YES;
				CLANG_WARN_BLOCK_CAPTURE_AUTORELEASING = YES;
				CLANG_WARN_BOOL_CONVERSION = YES;
				CLANG_WARN_COMMA = YES;
				CLANG_WARN_CONSTANT_CONVERSION = YES;
				CLANG_WARN_DEPRECATED_OBJC_IMPLEMENTATIONS = YES;
				CLANG_WARN_DIRECT_OBJC_ISA_USAGE = YES_ERROR;
				CLANG_WARN_DOCUMENTATION_COMMENTS = YES;
				CLANG_WARN_EMPTY_BODY = YES;
				CLANG_WARN_ENUM_CONVERSION = YES;
				CLANG_WARN_INFINITE_RECURSION = YES;
				CLANG_WARN_INT_CONVERSION = YES;
				CLANG_WARN_NON_LITERAL_NULL_CONVERSION = YES;
				CLANG_WARN_OBJC_IMPLICIT_RETAIN_SELF = YES;
				CLANG_WARN_OBJC_LITERAL_CONVERSION = YES;
				CLANG_WARN_OBJC_ROOT_CLASS = YES_ERROR;
				CLANG_WARN_RANGE_LOOP_ANALYSIS = YES;
				CLANG_WARN_STRICT_PROTOTYPES = YES;
				CLANG_WARN_SUSPICIOUS_MOVE = YES;
				CLANG_WARN_UNGUARDED_AVAILABILITY = YES_AGGRESSIVE;
				CLANG_WARN_UNREACHABLE_CODE = YES;
				CLANG_WARN__DUPLICATE_METHOD_MATCH = YES;
				CODE_SIGN_IDENTITY = "iPhone Developer";
				COPY_PHASE_STRIP = NO;
				DEBUG_INFORMATION_FORMAT = dwarf;
				ENABLE_STRICT_OBJC_MSGSEND = YES;
				ENABLE_TESTABILITY = YES;
				GCC_C_LANGUAGE_STANDARD = gnu99;
				GCC_DYNAMIC_NO_PIC = NO;
				GCC_NO_COMMON_BLOCKS = YES;
				GCC_OPTIMIZATION_LEVEL = 0;
				GCC_PREPROCESSOR_DEFINITIONS = (
					"DEBUG=1",
					"$(inherited)",
				);
				GCC_WARN_64_TO_32_BIT_CONVERSION = YES;
				GCC_WARN_ABOUT_RETURN_TYPE = YES_ERROR;
				GCC_WARN_UNDECLARED_SELECTOR = YES;
				GCC_WARN_UNINITIALIZED_AUTOS = YES_AGGRESSIVE;
				GCC_WARN_UNUSED_FUNCTION = YES;
				GCC_WARN_UNUSED_VARIABLE = YES;
				IPHONEOS_DEPLOYMENT_TARGET = 10.0;
				MTL_ENABLE_DEBUG_INFO = INCLUDE_SOURCE;
				MTL_FAST_MATH = YES;
				ONLY_ACTIVE_ARCH = YES;
				SDKROOT = iphoneos;
				SWIFT_ACTIVE_COMPILATION_CONDITIONS = DEBUG;
				SWIFT_OBJC_BRIDGING_HEADER = "";
				SWIFT_OPTIMIZATION_LEVEL = "-Onone";
			};
			name = Debug;
		};
		9FE6815C2257630D004ED465 /* Release */ = {
			isa = XCBuildConfiguration;
			buildSettings = {
				ALWAYS_SEARCH_USER_PATHS = NO;
				CLANG_ANALYZER_NONNULL = YES;
				CLANG_ANALYZER_NUMBER_OBJECT_CONVERSION = YES_AGGRESSIVE;
				CLANG_CXX_LANGUAGE_STANDARD = "gnu++0x";
				CLANG_CXX_LIBRARY = "libc++";
				CLANG_ENABLE_MODULES = YES;
				CLANG_ENABLE_OBJC_ARC = YES;
				CLANG_ENABLE_OBJC_WEAK = YES;
				CLANG_WARN_BLOCK_CAPTURE_AUTORELEASING = YES;
				CLANG_WARN_BOOL_CONVERSION = YES;
				CLANG_WARN_COMMA = YES;
				CLANG_WARN_CONSTANT_CONVERSION = YES;
				CLANG_WARN_DEPRECATED_OBJC_IMPLEMENTATIONS = YES;
				CLANG_WARN_DIRECT_OBJC_ISA_USAGE = YES_ERROR;
				CLANG_WARN_DOCUMENTATION_COMMENTS = YES;
				CLANG_WARN_EMPTY_BODY = YES;
				CLANG_WARN_ENUM_CONVERSION = YES;
				CLANG_WARN_INFINITE_RECURSION = YES;
				CLANG_WARN_INT_CONVERSION = YES;
				CLANG_WARN_NON_LITERAL_NULL_CONVERSION = YES;
				CLANG_WARN_OBJC_IMPLICIT_RETAIN_SELF = YES;
				CLANG_WARN_OBJC_LITERAL_CONVERSION = YES;
				CLANG_WARN_OBJC_ROOT_CLASS = YES_ERROR;
				CLANG_WARN_RANGE_LOOP_ANALYSIS = YES;
				CLANG_WARN_STRICT_PROTOTYPES = YES;
				CLANG_WARN_SUSPICIOUS_MOVE = YES;
				CLANG_WARN_UNGUARDED_AVAILABILITY = YES_AGGRESSIVE;
				CLANG_WARN_UNREACHABLE_CODE = YES;
				CLANG_WARN__DUPLICATE_METHOD_MATCH = YES;
				CODE_SIGN_IDENTITY = "iPhone Developer";
				COPY_PHASE_STRIP = NO;
				DEBUG_INFORMATION_FORMAT = "dwarf-with-dsym";
				ENABLE_NS_ASSERTIONS = NO;
				ENABLE_STRICT_OBJC_MSGSEND = YES;
				GCC_C_LANGUAGE_STANDARD = gnu99;
				GCC_NO_COMMON_BLOCKS = YES;
				GCC_WARN_64_TO_32_BIT_CONVERSION = YES;
				GCC_WARN_ABOUT_RETURN_TYPE = YES_ERROR;
				GCC_WARN_UNDECLARED_SELECTOR = YES;
				GCC_WARN_UNINITIALIZED_AUTOS = YES_AGGRESSIVE;
				GCC_WARN_UNUSED_FUNCTION = YES;
				GCC_WARN_UNUSED_VARIABLE = YES;
				IPHONEOS_DEPLOYMENT_TARGET = 10.0;
				MTL_ENABLE_DEBUG_INFO = NO;
				MTL_FAST_MATH = YES;
				SDKROOT = iphoneos;
				SWIFT_COMPILATION_MODE = wholemodule;
				SWIFT_OBJC_BRIDGING_HEADER = "";
				SWIFT_OPTIMIZATION_LEVEL = "-O";
				VALIDATE_PRODUCT = YES;
			};
			name = Release;
		};
		9FE6815E2257630D004ED465 /* Debug */ = {
			isa = XCBuildConfiguration;
			baseConfigurationReference = 2C0E7072D6E8D19D9F22123F /* Pods-StackingTimer.debug.xcconfig */;
			buildSettings = {
				ASSETCATALOG_COMPILER_APPICON_NAME = AppIcon;
				CODE_SIGN_IDENTITY = "Apple Distribution";
				CODE_SIGN_STYLE = Manual;
				CURRENT_PROJECT_VERSION = 4.0;
				DEVELOPMENT_TEAM = M4VQ92VYMK;
				FRAMEWORK_SEARCH_PATHS = (
					"$(inherited)",
					"$(PROJECT_DIR)/Pods/AmazonAd/AmazonMobileAds-ios-3.0.0-SDK",
					"$(PROJECT_DIR)/Pods/Google-Mobile-Ads-SDK/Frameworks/GoogleMobileAdsFramework-Current",
				);
				INFOPLIST_FILE = StackingTimer/Info.plist;
				IPHONEOS_DEPLOYMENT_TARGET = 13.0;
				LD_RUNPATH_SEARCH_PATHS = (
					"$(inherited)",
					"@executable_path/Frameworks",
				);
				LIBRARY_SEARCH_PATHS = (
					"$(inherited)",
					"$(PROJECT_DIR)/Pods/AmazonAd/AmazonMobileAds-ios-3.0.0-SDK/AmazonAd.framework/Versions/A",
				);
				PRODUCT_BUNDLE_IDENTIFIER = jp.pj12ykcat.StackingTimer;
				PRODUCT_NAME = "$(TARGET_NAME)";
				PROVISIONING_PROFILE_SPECIFIER = "pj12ykcat StackingTimer";
				SWIFT_INCLUDE_PATHS = "";
				SWIFT_OBJC_BRIDGING_HEADER = "StackingTimer/StackingTimer-Bridging-Header.h";
				SWIFT_VERSION = 4.2;
				TARGETED_DEVICE_FAMILY = "1,2";
			};
			name = Debug;
		};
		9FE6815F2257630D004ED465 /* Release */ = {
			isa = XCBuildConfiguration;
			baseConfigurationReference = 04D118BBEE8E58CDE4E28AB0 /* Pods-StackingTimer.release.xcconfig */;
			buildSettings = {
				ASSETCATALOG_COMPILER_APPICON_NAME = AppIcon;
				CODE_SIGN_IDENTITY = "Apple Distribution";
				CODE_SIGN_STYLE = Manual;
				CURRENT_PROJECT_VERSION = 4.0;
				DEVELOPMENT_TEAM = M4VQ92VYMK;
				FRAMEWORK_SEARCH_PATHS = (
					"$(inherited)",
					"$(PROJECT_DIR)/Pods/AmazonAd/AmazonMobileAds-ios-3.0.0-SDK",
					"$(PROJECT_DIR)/Pods/Google-Mobile-Ads-SDK/Frameworks/GoogleMobileAdsFramework-Current",
				);
				INFOPLIST_FILE = StackingTimer/Info.plist;
				IPHONEOS_DEPLOYMENT_TARGET = 13.0;
				LD_RUNPATH_SEARCH_PATHS = (
					"$(inherited)",
					"@executable_path/Frameworks",
				);
				LIBRARY_SEARCH_PATHS = (
					"$(inherited)",
					"$(PROJECT_DIR)/Pods/AmazonAd/AmazonMobileAds-ios-3.0.0-SDK/AmazonAd.framework/Versions/A",
				);
				PRODUCT_BUNDLE_IDENTIFIER = jp.pj12ykcat.StackingTimer;
				PRODUCT_NAME = "$(TARGET_NAME)";
				PROVISIONING_PROFILE_SPECIFIER = "pj12ykcat StackingTimer";
				SWIFT_INCLUDE_PATHS = "";
				SWIFT_OBJC_BRIDGING_HEADER = "StackingTimer/StackingTimer-Bridging-Header.h";
				SWIFT_VERSION = 4.2;
				TARGETED_DEVICE_FAMILY = "1,2";
			};
			name = Release;
		};
		9FE681612257630D004ED465 /* Debug */ = {
			isa = XCBuildConfiguration;
			baseConfigurationReference = 35C52524496251587156A3FE /* Pods-StackingTimerTests.debug.xcconfig */;
			buildSettings = {
				ALWAYS_EMBED_SWIFT_STANDARD_LIBRARIES = YES;
				BUNDLE_LOADER = "$(TEST_HOST)";
				CODE_SIGN_STYLE = Automatic;
				DEVELOPMENT_TEAM = 95RAJY8JND;
				INFOPLIST_FILE = StackingTimerTests/Info.plist;
				LD_RUNPATH_SEARCH_PATHS = (
					"$(inherited)",
					"@executable_path/Frameworks",
					"@loader_path/Frameworks",
				);
				PRODUCT_BUNDLE_IDENTIFIER = com.tacky21jp.StackingTimerTests;
				PRODUCT_NAME = "$(TARGET_NAME)";
				SWIFT_VERSION = 5.0;
				TARGETED_DEVICE_FAMILY = "1,2";
				TEST_HOST = "$(BUILT_PRODUCTS_DIR)/StackingTimer.app/StackingTimer";
			};
			name = Debug;
		};
		9FE681622257630D004ED465 /* Release */ = {
			isa = XCBuildConfiguration;
			baseConfigurationReference = 409A5868FC2FD2F15F429F62 /* Pods-StackingTimerTests.release.xcconfig */;
			buildSettings = {
				ALWAYS_EMBED_SWIFT_STANDARD_LIBRARIES = YES;
				BUNDLE_LOADER = "$(TEST_HOST)";
				CODE_SIGN_STYLE = Automatic;
				DEVELOPMENT_TEAM = 95RAJY8JND;
				INFOPLIST_FILE = StackingTimerTests/Info.plist;
				LD_RUNPATH_SEARCH_PATHS = (
					"$(inherited)",
					"@executable_path/Frameworks",
					"@loader_path/Frameworks",
				);
				PRODUCT_BUNDLE_IDENTIFIER = com.tacky21jp.StackingTimerTests;
				PRODUCT_NAME = "$(TARGET_NAME)";
				SWIFT_VERSION = 5.0;
				TARGETED_DEVICE_FAMILY = "1,2";
				TEST_HOST = "$(BUILT_PRODUCTS_DIR)/StackingTimer.app/StackingTimer";
			};
			name = Release;
		};
		9FE681642257630D004ED465 /* Debug */ = {
			isa = XCBuildConfiguration;
			baseConfigurationReference = 46A615333A4AE11AAABACA0C /* Pods-StackingTimerUITests.debug.xcconfig */;
			buildSettings = {
				ALWAYS_EMBED_SWIFT_STANDARD_LIBRARIES = YES;
				CODE_SIGN_STYLE = Automatic;
				DEVELOPMENT_TEAM = 95RAJY8JND;
				INFOPLIST_FILE = StackingTimerUITests/Info.plist;
				LD_RUNPATH_SEARCH_PATHS = (
					"$(inherited)",
					"@executable_path/Frameworks",
					"@loader_path/Frameworks",
				);
				PRODUCT_BUNDLE_IDENTIFIER = com.tacky21jp.StackingTimerUITests;
				PRODUCT_NAME = "$(TARGET_NAME)";
				SWIFT_VERSION = 5.0;
				TARGETED_DEVICE_FAMILY = "1,2";
				TEST_TARGET_NAME = StackingTimer;
			};
			name = Debug;
		};
		9FE681652257630D004ED465 /* Release */ = {
			isa = XCBuildConfiguration;
			baseConfigurationReference = F9FD4C6943B8C33440D65CFE /* Pods-StackingTimerUITests.release.xcconfig */;
			buildSettings = {
				ALWAYS_EMBED_SWIFT_STANDARD_LIBRARIES = YES;
				CODE_SIGN_STYLE = Automatic;
				DEVELOPMENT_TEAM = 95RAJY8JND;
				INFOPLIST_FILE = StackingTimerUITests/Info.plist;
				LD_RUNPATH_SEARCH_PATHS = (
					"$(inherited)",
					"@executable_path/Frameworks",
					"@loader_path/Frameworks",
				);
				PRODUCT_BUNDLE_IDENTIFIER = com.tacky21jp.StackingTimerUITests;
				PRODUCT_NAME = "$(TARGET_NAME)";
				SWIFT_VERSION = 5.0;
				TARGETED_DEVICE_FAMILY = "1,2";
				TEST_TARGET_NAME = StackingTimer;
			};
			name = Release;
		};
/* End XCBuildConfiguration section */

/* Begin XCConfigurationList section */
		9FE6812D2257630B004ED465 /* Build configuration list for PBXProject "StackingTimer" */ = {
			isa = XCConfigurationList;
			buildConfigurations = (
				9FE6815B2257630D004ED465 /* Debug */,
				9FE6815C2257630D004ED465 /* Release */,
			);
			defaultConfigurationIsVisible = 0;
			defaultConfigurationName = Release;
		};
		9FE6815D2257630D004ED465 /* Build configuration list for PBXNativeTarget "StackingTimer" */ = {
			isa = XCConfigurationList;
			buildConfigurations = (
				9FE6815E2257630D004ED465 /* Debug */,
				9FE6815F2257630D004ED465 /* Release */,
			);
			defaultConfigurationIsVisible = 0;
			defaultConfigurationName = Release;
		};
		9FE681602257630D004ED465 /* Build configuration list for PBXNativeTarget "StackingTimerTests" */ = {
			isa = XCConfigurationList;
			buildConfigurations = (
				9FE681612257630D004ED465 /* Debug */,
				9FE681622257630D004ED465 /* Release */,
			);
			defaultConfigurationIsVisible = 0;
			defaultConfigurationName = Release;
		};
		9FE681632257630D004ED465 /* Build configuration list for PBXNativeTarget "StackingTimerUITests" */ = {
			isa = XCConfigurationList;
			buildConfigurations = (
				9FE681642257630D004ED465 /* Debug */,
				9FE681652257630D004ED465 /* Release */,
			);
			defaultConfigurationIsVisible = 0;
			defaultConfigurationName = Release;
		};
/* End XCConfigurationList section */

/* Begin XCVersionGroup section */
		9FE6813C2257630B004ED465 /* StackingTimer.xcdatamodeld */ = {
			isa = XCVersionGroup;
			children = (
				9FE6813D2257630B004ED465 /* StackingTimer.xcdatamodel */,
			);
			currentVersion = 9FE6813D2257630B004ED465 /* StackingTimer.xcdatamodel */;
			path = StackingTimer.xcdatamodeld;
			sourceTree = "<group>";
			versionGroupType = wrapper.xcdatamodel;
		};
/* End XCVersionGroup section */
	};
	rootObject = 9FE6812A2257630B004ED465 /* Project object */;
}
